
Microsoft Visual Studio Solution File, Format Version 12.00
Project("{FAE04EC0-301F-11D3-BF4B-00C04F79EFBC}") = "DIAPI", "DIAPI\DIAPI.csproj", "{11E5E821-1756-4276-822B-BA59F13BF2CF}"
EndProject
Global
	GlobalSection(SolutionConfigurationPlatforms) = preSolution
		Debug|Any CPU = Debug|Any CPU
		Release|Any CPU = Release|Any CPU
	EndGlobalSection
	GlobalSection(ProjectConfigurationPlatforms) = postSolution
		{11E5E821-1756-4276-822B-BA59F13BF2CF}.Debug|Any CPU.ActiveCfg = Debug|Any CPU
		{11E5E821-1756-4276-822B-BA59F13BF2CF}.Debug|Any CPU.Build.0 = Debug|Any CPU
		{11E5E821-1756-4276-822B-BA59F13BF2CF}.Release|Any CPU.ActiveCfg = Release|Any CPU
		{11E5E821-1756-4276-822B-BA59F13BF2CF}.Release|Any CPU.Build.0 = Release|Any CPU
	EndGlobalSection
EndGlobal
